
Microsoft Visual Studio Solution File, Format Version 12.00
# Visual Studio Version 16
VisualStudioVersion = 16.0.30804.86
MinimumVisualStudioVersion = 10.0.40219.1
Project("{FAE04EC0-301F-11D3-BF4B-00C04F79EFBC}") = "Crisan_AndreaMaria_Lab6", "Crisan_AndreaMaria_Lab6.csproj", "{802C5D8A-559D-4DC6-A99D-A4E3CDA151EE}"
EndProject
Project("{FAE04EC0-301F-11D3-BF4B-00C04F79EFBC}") = "PhoneBookModel", "..\PhoneBookModel\PhoneBookModel.csproj", "{5510F63B-5F63-4FD1-96B2-08A3D0F10996}"
EndProject
Global
	GlobalSection(SolutionConfigurationPlatforms) = preSolution
		Debug|Any CPU = Debug|Any CPU
		Release|Any CPU = Release|Any CPU
	EndGlobalSection
	GlobalSection(ProjectConfigurationPlatforms) = postSolution
		{802C5D8A-559D-4DC6-A99D-A4E3CDA151EE}.Debug|Any CPU.ActiveCfg = Debug|Any CPU
		{802C5D8A-559D-4DC6-A99D-A4E3CDA151EE}.Debug|Any CPU.Build.0 = Debug|Any CPU
		{802C5D8A-559D-4DC6-A99D-A4E3CDA151EE}.Release|Any CPU.ActiveCfg = Release|Any CPU
		{802C5D8A-559D-4DC6-A99D-A4E3CDA151EE}.Release|Any CPU.Build.0 = Release|Any CPU
		{5510F63B-5F63-4FD1-96B2-08A3D0F10996}.Debug|Any CPU.ActiveCfg = Debug|Any CPU
		{5510F63B-5F63-4FD1-96B2-08A3D0F10996}.Debug|Any CPU.Build.0 = Debug|Any CPU
		{5510F63B-5F63-4FD1-96B2-08A3D0F10996}.Release|Any CPU.ActiveCfg = Release|Any CPU
		{5510F63B-5F63-4FD1-96B2-08A3D0F10996}.Release|Any CPU.Build.0 = Release|Any CPU
	EndGlobalSection
	GlobalSection(SolutionProperties) = preSolution
		HideSolutionNode = FALSE
	EndGlobalSection
	GlobalSection(ExtensibilityGlobals) = postSolution
		SolutionGuid = {748C018D-E5B7-46E3-B1C4-6998B33EC0F4}
	EndGlobalSection
EndGlobal
